{
  "requires": true,
  "lockfileVersion": 1,
  "dependencies": {
    "@fluentui/date-time-utilities": {
      "version": "8.5.4",
      "resolved": "https://registry.npmjs.org/@fluentui/date-time-utilities/-/date-time-utilities-8.5.4.tgz",
      "integrity": "sha512-PHLrbKs/s80xVkvFLQkaYb78a9nRUlohj8FCDBFQ8F1qPJj3iVH1RuSLyTiCIRJy/v1hW6KMEIXqLu/EoMefXw==",
      "requires": {
        "@fluentui/set-version": "^8.2.4",
        "tslib": "^2.1.0"
      }
    },
    "@fluentui/dom-utilities": {
      "version": "2.2.4",
      "resolved": "https://registry.npmjs.org/@fluentui/dom-utilities/-/dom-utilities-2.2.4.tgz",
      "integrity": "sha512-X4fN5zbvAETw9LE8bw9x5otKcpS3A3cB9wn/BookbTD4hkBESx06SzmX/WdabFq7qqbDqbURiQMpmdGUUlLsqw==",
      "requires": {
        "@fluentui/set-version": "^8.2.4",
        "tslib": "^2.1.0"
      }
    },
    "@fluentui/font-icons-mdl2": {
      "version": "8.5.7",
      "resolved": "https://registry.npmjs.org/@fluentui/font-icons-mdl2/-/font-icons-mdl2-8.5.7.tgz",
      "integrity": "sha512-IAZ4nLWW6JDzGsCAymLS7ncaxWpQDY48K8650IfIlcsdhxv027joQEgd+HiIIImgusMl+OS9nAQE04a68mE6Zw==",
      "requires": {
        "@fluentui/set-version": "^8.2.4",
        "@fluentui/style-utilities": "^8.9.0",
        "@fluentui/utilities": "^8.13.5",
        "tslib": "^2.1.0"
      }
    },
    "@fluentui/foundation-legacy": {
      "version": "8.2.27",
      "resolved": "https://registry.npmjs.org/@fluentui/foundation-legacy/-/foundation-legacy-8.2.27.tgz",
      "integrity": "sha512-KIK7N6thJ9EzwQBLysavdsJHt6mnsA1O2ZHLI9d4yDQlx17EVa0aXrdsSNgqfa1czya3OmBDVQMFR2gqy38voQ==",
      "requires": {
        "@fluentui/merge-styles": "^8.5.5",
        "@fluentui/set-version": "^8.2.4",
        "@fluentui/style-utilities": "^8.9.0",
        "@fluentui/utilities": "^8.13.5",
        "tslib": "^2.1.0"
      }
    },
    "@fluentui/keyboard-key": {
      "version": "0.4.4",
      "resolved": "https://registry.npmjs.org/@fluentui/keyboard-key/-/keyboard-key-0.4.4.tgz",
      "integrity": "sha512-nx0bQ9B5QtUym9a21ig5eHPt2T6EWaqrleFb37d6ImikP6xVXUHrWQJFuVS1CSg0n63KOPsmh1QvAUfxfmyLhw==",
      "requires": {
        "tslib": "^2.1.0"
      }
    },
    "@fluentui/merge-styles": {
      "version": "8.5.5",
      "resolved": "https://registry.npmjs.org/@fluentui/merge-styles/-/merge-styles-8.5.5.tgz",
      "integrity": "sha512-+cyN28iRAn8BWlZkMSEWzXpsJJiy3wWFxdJx5UnvU3iLK1slwog94inJak/BmnQKk3dFXK9vVPtDp2s3l+2/hg==",
      "requires": {
        "@fluentui/set-version": "^8.2.4",
        "tslib": "^2.1.0"
      }
    },
    "@fluentui/react": {
      "version": "8.104.8",
      "resolved": "https://registry.npmjs.org/@fluentui/react/-/react-8.104.8.tgz",
      "integrity": "sha512-FVpyhZwPfpkHcP9d7Q5lQ7PPeSD2tLPaWGCGNhPHBsD0BS/A5Sv1+XN2LN1E+wbJUIvKrdVfxoWmUqDaNlpZjg==",
      "requires": {
        "@fluentui/date-time-utilities": "^8.5.4",
        "@fluentui/font-icons-mdl2": "^8.5.7",
        "@fluentui/foundation-legacy": "^8.2.27",
        "@fluentui/merge-styles": "^8.5.5",
        "@fluentui/react-focus": "^8.8.13",
        "@fluentui/react-hooks": "^8.6.15",
        "@fluentui/react-portal-compat-context": "^9.0.4",
        "@fluentui/react-window-provider": "^2.2.5",
        "@fluentui/set-version": "^8.2.4",
        "@fluentui/style-utilities": "^8.9.0",
        "@fluentui/theme": "^2.6.21",
        "@fluentui/utilities": "^8.13.5",
        "@microsoft/load-themed-styles": "^1.10.26",
        "tslib": "^2.1.0"
      }
    },
    "@fluentui/react-focus": {
      "version": "8.8.13",
      "resolved": "https://registry.npmjs.org/@fluentui/react-focus/-/react-focus-8.8.13.tgz",
      "integrity": "sha512-Y9RlqjJdWB7of/GJt/M8Ezf5tP2JSFjfEqe7W6Ttjr7wxiZZr4X8hJISWOksPSzvWyc0CT5J9uPEX0IWBHFsFQ==",
      "requires": {
        "@fluentui/keyboard-key": "^0.4.4",
        "@fluentui/merge-styles": "^8.5.5",
        "@fluentui/set-version": "^8.2.4",
        "@fluentui/style-utilities": "^8.9.0",
        "@fluentui/utilities": "^8.13.5",
        "tslib": "^2.1.0"
      }
    },
    "@fluentui/react-hooks": {
      "version": "8.6.15",
      "resolved": "https://registry.npmjs.org/@fluentui/react-hooks/-/react-hooks-8.6.15.tgz",
      "integrity": "sha512-oh1OdXAUwPyhMRum8TU2/C8V4hb69qGFTh/XYzyfiAwa0UzODszq/LoaDyVThEJEi5OBPdeuXturAvgqCT8kNw==",
      "requires": {
        "@fluentui/react-window-provider": "^2.2.5",
        "@fluentui/set-version": "^8.2.4",
        "@fluentui/utilities": "^8.13.5",
        "tslib": "^2.1.0"
      }
    },
    "@fluentui/react-portal-compat-context": {
      "version": "9.0.4",
      "resolved": "https://registry.npmjs.org/@fluentui/react-portal-compat-context/-/react-portal-compat-context-9.0.4.tgz",
      "integrity": "sha512-qw2lmkxZ2TmgC0pB2dvFyrzVffxBdpCx1BdWRaF+MRGUlTxRtqfybSx3Edsqa6NMewc3J0ThLMFdVFBQ5Yafqw==",
      "requires": {
        "tslib": "^2.1.0"
      }
    },
    "@fluentui/react-window-provider": {
      "version": "2.2.5",
      "resolved": "https://registry.npmjs.org/@fluentui/react-window-provider/-/react-window-provider-2.2.5.tgz",
      "integrity": "sha512-uct8xpHLFoECeoM8xRsw98yrxLV1MY2rA/Ml0M65JSWREdDUk+btgu7HLZp4QV/GpfPvP1WiNFLSLhrZFSnIAg==",
      "requires": {
        "@fluentui/set-version": "^8.2.4",
        "tslib": "^2.1.0"
      }
    },
    "@fluentui/set-version": {
      "version": "8.2.4",
      "resolved": "https://registry.npmjs.org/@fluentui/set-version/-/set-version-8.2.4.tgz",
      "integrity": "sha512-v12VUrpThYcJESFrnu3LdL7/s957hoSCJ3t8C014Hp2IOmk3dnZRZJymf1k/RAOXztS4w9dF2Zhs8uP31qwcZw==",
      "requires": {
        "tslib": "^2.1.0"
      }
    },
    "@fluentui/style-utilities": {
      "version": "8.9.0",
      "resolved": "https://registry.npmjs.org/@fluentui/style-utilities/-/style-utilities-8.9.0.tgz",
      "integrity": "sha512-n64tj38ndvT9WSwzt3tQl5MuOaRQmRBzfv7GM2dCjJ6CblWHpSV8jRXX44RnkOFr/QRCrq+gv8sEveXKsyRtag==",
      "requires": {
        "@fluentui/merge-styles": "^8.5.5",
        "@fluentui/set-version": "^8.2.4",
        "@fluentui/theme": "^2.6.21",
        "@fluentui/utilities": "^8.13.5",
        "@microsoft/load-themed-styles": "^1.10.26",
        "tslib": "^2.1.0"
      }
    },
    "@fluentui/theme": {
      "version": "2.6.21",
      "resolved": "https://registry.npmjs.org/@fluentui/theme/-/theme-2.6.21.tgz",
      "integrity": "sha512-jqPOo375pt1bQ4WuzP2GP5gfgeBK/PDHUf4+DxDTZ9y0TXp8KxV4jCp5Rq2rnVYlXi51JQ2Y+snFtMDcMTyfRQ==",
      "requires": {
        "@fluentui/merge-styles": "^8.5.5",
        "@fluentui/set-version": "^8.2.4",
        "@fluentui/utilities": "^8.13.5",
        "tslib": "^2.1.0"
      }
    },
    "@fluentui/utilities": {
      "version": "8.13.5",
      "resolved": "https://registry.npmjs.org/@fluentui/utilities/-/utilities-8.13.5.tgz",
      "integrity": "sha512-YusKxwTEQmsJidEWxn8blf5ehBmBDMZDrOjQkSX4piCvi/57MfigQZ57L3Bdic8kDKsabVtS1IVMHLZzGy4zcQ==",
      "requires": {
        "@fluentui/dom-utilities": "^2.2.4",
        "@fluentui/merge-styles": "^8.5.5",
        "@fluentui/set-version": "^8.2.4",
        "tslib": "^2.1.0"
      }
    },
    "@microsoft/load-themed-styles": {
      "version": "1.10.295",
      "resolved": "https://registry.npmjs.org/@microsoft/load-themed-styles/-/load-themed-styles-1.10.295.tgz",
      "integrity": "sha512-W+IzEBw8a6LOOfRJM02dTT7BDZijxm+Z7lhtOAz1+y9vQm1Kdz9jlAO+qCEKsfxtUOmKilW8DIRqFw2aUgKeGg=="
    },
    "tslib": {
      "version": "2.5.0",
      "resolved": "https://registry.npmjs.org/tslib/-/tslib-2.5.0.tgz",
      "integrity": "sha512-336iVw3rtn2BUK7ORdIAHTyxHGRIHVReokCR3XjbckJMK7ms8FysBfhLR8IXnAgy7T0PTPNBWKiH514FOW/WSg=="
    }
  }
}
